
Microsoft Visual Studio Solution File, Format Version 12.00
# Visual Studio Version 16
VisualStudioVersion = 16.0.30114.105
MinimumVisualStudioVersion = 10.0.40219.1
Project("{FAE04EC0-301F-11D3-BF4B-00C04F79EFBC}") = "WcfSampleProject", "WcfSampleProject\WcfSampleProject.csproj", "{94FDD5D4-6E06-42C2-880B-4CD2E2511A01}"
EndProject
Global
	GlobalSection(SolutionConfigurationPlatforms) = preSolution
		Debug|Any CPU = Debug|Any CPU
		Release|Any CPU = Release|Any CPU
	EndGlobalSection
	GlobalSection(ProjectConfigurationPlatforms) = postSolution
		{94FDD5D4-6E06-42C2-880B-4CD2E2511A01}.Debug|Any CPU.ActiveCfg = Debug|Any CPU
		{94FDD5D4-6E06-42C2-880B-4CD2E2511A01}.Debug|Any CPU.Build.0 = Debug|Any CPU
		{94FDD5D4-6E06-42C2-880B-4CD2E2511A01}.Release|Any CPU.ActiveCfg = Release|Any CPU
		{94FDD5D4-6E06-42C2-880B-4CD2E2511A01}.Release|Any CPU.Build.0 = Release|Any CPU
	EndGlobalSection
	GlobalSection(SolutionProperties) = preSolution
		HideSolutionNode = FALSE
	EndGlobalSection
	GlobalSection(ExtensibilityGlobals) = postSolution
		SolutionGuid = {1A2D7B76-8812-4DA5-9B9E-4A02C78BE49A}
	EndGlobalSection
EndGlobal
